
Microsoft Visual Studio Solution File, Format Version 12.00
# Visual Studio Version 17
VisualStudioVersion = 17.5.33502.453
MinimumVisualStudioVersion = 10.0.40219.1
Project("{9A19103F-16F7-4668-BE54-9A1E7A4F7556}") = "DRMusic", "DRMusic\DRMusic.csproj", "{A92800E0-3A46-4EF7-9C33-D7816BBC6C4A}"
EndProject
Project("{9A19103F-16F7-4668-BE54-9A1E7A4F7556}") = "DRMusicTests", "DRMusicTests1\DRMusicTests.csproj", "{BA351AB1-F784-4D85-A1A6-20EF9D5C266A}"
EndProject
Global
	GlobalSection(SolutionConfigurationPlatforms) = preSolution
		Debug|Any CPU = Debug|Any CPU
		Release|Any CPU = Release|Any CPU
	EndGlobalSection
	GlobalSection(ProjectConfigurationPlatforms) = postSolution
		{A92800E0-3A46-4EF7-9C33-D7816BBC6C4A}.Debug|Any CPU.ActiveCfg = Debug|Any CPU
		{A92800E0-3A46-4EF7-9C33-D7816BBC6C4A}.Debug|Any CPU.Build.0 = Debug|Any CPU
		{A92800E0-3A46-4EF7-9C33-D7816BBC6C4A}.Release|Any CPU.ActiveCfg = Release|Any CPU
		{A92800E0-3A46-4EF7-9C33-D7816BBC6C4A}.Release|Any CPU.Build.0 = Release|Any CPU
		{BA351AB1-F784-4D85-A1A6-20EF9D5C266A}.Debug|Any CPU.ActiveCfg = Debug|Any CPU
		{BA351AB1-F784-4D85-A1A6-20EF9D5C266A}.Debug|Any CPU.Build.0 = Debug|Any CPU
		{BA351AB1-F784-4D85-A1A6-20EF9D5C266A}.Release|Any CPU.ActiveCfg = Release|Any CPU
		{BA351AB1-F784-4D85-A1A6-20EF9D5C266A}.Release|Any CPU.Build.0 = Release|Any CPU
	EndGlobalSection
	GlobalSection(SolutionProperties) = preSolution
		HideSolutionNode = FALSE
	EndGlobalSection
	GlobalSection(ExtensibilityGlobals) = postSolution
		SolutionGuid = {8F94E6D5-E7F0-4542-B371-B5813A7C01C9}
	EndGlobalSection
EndGlobal
